Microsoft Visual Studio Solution File, Format Version 12.00
# Visual Studio Version 17
VisualStudioVersion = 17.5.2.0
MinimumVisualStudioVersion = 10.0.40219.1
Project("{FAE04EC0-301F-11D3-BF4B-00C04F79EFBC}") = "ExpensesService", "ExpensesService\ExpensesService.csproj", "{827C8A36-1271-7C4F-B42A-A95A0CDCF573}"
EndProject
Global
	GlobalSection(SolutionConfigurationPlatforms) = preSolution
		Debug|Any CPU = Debug|Any CPU
		Release|Any CPU = Release|Any CPU
	EndGlobalSection
	GlobalSection(ProjectConfigurationPlatforms) = postSolution
		{827C8A36-1271-7C4F-B42A-A95A0CDCF573}.Debug|Any CPU.ActiveCfg = Debug|Any CPU
		{827C8A36-1271-7C4F-B42A-A95A0CDCF573}.Debug|Any CPU.Build.0 = Debug|Any CPU
		{827C8A36-1271-7C4F-B42A-A95A0CDCF573}.Release|Any CPU.ActiveCfg = Release|Any CPU
		{827C8A36-1271-7C4F-B42A-A95A0CDCF573}.Release|Any CPU.Build.0 = Release|Any CPU
	EndGlobalSection
	GlobalSection(SolutionProperties) = preSolution
		HideSolutionNode = FALSE
	EndGlobalSection
	GlobalSection(ExtensibilityGlobals) = postSolution
		SolutionGuid = {A47FF7C5-A13A-4C4A-A228-678D28AEB58A}
	EndGlobalSection
EndGlobal
